{
  "nodes": {
    "home-manager": {
      "inputs": {
        "nixpkgs": [
          "nixpkgs"
        ]
      },
      "locked": {
        "lastModified": 1760130406,
        "narHash": "sha256-GKMwBaFRw/C1p1VtjDz4DyhyzjKUWyi1K50bh8lgA2E=",
        "owner": "nix-community",
        "repo": "home-manager",
        "rev": "d305eece827a3fe317a2d70138f53feccaf890a1",
        "type": "github"
      },
      "original": {
        "owner": "nix-community",
        "repo": "home-manager",
        "type": "github"
      }
    },
    "nixpkgs": {
      "locked": {
        "lastModified": 1760038930,
        "narHash": "sha256-Oncbh0UmHjSlxO7ErQDM3KM0A5/Znfofj2BSzlHLeVw=",
        "owner": "NixOS",
        "repo": "nixpkgs",
        "rev": "0b4defa2584313f3b781240b29d61f6f9f7e0df3",
        "type": "github"
      },
      "original": {
        "id": "nixpkgs",
        "ref": "nixos-unstable",
        "type": "indirect"
      }
    },
    "noctalia": {
      "inputs": {
        "nixpkgs": [
          "nixpkgs"
        ],
        "quickshell": [
          "quickshell"
        ],
        "systems": "systems"
      },
      "locked": {
        "lastModified": 1760209593,
        "narHash": "sha256-V1nZpPisBpBZPSCwkwHo+5ASvvxsM9Yp81N9b8CrriY=",
        "owner": "noctalia-dev",
        "repo": "noctalia-shell",
        "rev": "c90fa5fec24f53725a58aa453667bd4b9626acd1",
        "type": "github"
      },
      "original": {
        "owner": "noctalia-dev",
        "repo": "noctalia-shell",
        "type": "github"
      }
    },
    "quickshell": {
      "inputs": {
        "nixpkgs": [
          "nixpkgs"
        ]
      },
      "locked": {
        "lastModified": 1760169785,
        "narHash": "sha256-Hqz81LLMBE++3tUgK4nh2wvQKwMsu3PdRNgkgdFzZVo=",
        "owner": "outfoxxed",
        "repo": "quickshell",
        "rev": "f12f0e7c7d883f737ac45b88c5993090b3c87cce",
        "type": "github"
      },
      "original": {
        "owner": "outfoxxed",
        "repo": "quickshell",
        "type": "github"
      }
    },
    "root": {
      "inputs": {
        "home-manager": "home-manager",
        "nixpkgs": "nixpkgs",
        "noctalia": "noctalia",
        "quickshell": "quickshell"
      }
    },
    "systems": {
      "locked": {
        "lastModified": 1681028828,
        "narHash": "sha256-Vy1rq5AaRuLzOxct8nz4T6wlgyUR7zLU309k9mBC768=",
        "owner": "nix-systems",
        "repo": "default",
        "rev": "da67096a3b9bf56a91d16901293e51ba5b49a27e",
        "type": "github"
      },
      "original": {
        "owner": "nix-systems",
        "repo": "default",
        "type": "github"
      }
    }
  },
  "root": "root",
  "version": 7
}
